# This file is automatically @generated by Poetry 1.8.2 and should not be changed by hand.

[[package]]
name = "python3-xlib"
version = "0.15"
description = "Python3 X Library"
optional = false
python-versions = "*"
files = [
    {file = "python3-xlib-0.15.tar.gz", hash = "sha256:dc4245f3ae4aa5949c1d112ee4723901ade37a96721ba9645f2bfa56e5b383f8"},
]

[metadata]
lock-version = "2.0"
python-versions = "^3.11"
content-hash = "e7919a5da8ee560fc609f699332d305e608cf983cefd6b2230b02f950d40da1e"
